# THIS IS AN AUTOGENERATED FILE. DO NOT EDIT THIS FILE DIRECTLY.
# yarn lockfile v1


greensock@^1.20.2:
  version "1.20.2"
  resolved "https://registry.yarnpkg.com/greensock/-/greensock-1.20.2.tgz#6a192bf46b2ef27d5bf96fda062f7fdc41b8f488"
  integrity sha512-ru69ioh8OalFCsBL1qPjqHtm/lAi9hqsuONYd1w5R3gvH2DjkFfuH3NWA+zTI6HFtJkOjTD0JJrKtJlc76E5VQ==
